// !$*UTF8*$!
{
	archiveVersion = 1;
	classes = {
	};
	objectVersion = 46;
	objects = {

/* Begin PBXBuildFile section */
		7B8C7E691C90DEA100D40D47 /* AppDelegate.swift in Sources */ = {isa = PBXBuildFile; fileRef = 7B8C7E681C90DEA100D40D47 /* AppDelegate.swift */; };
		7B8C7E6B1C90DEA100D40D47 /* FirstViewController.swift in Sources */ = {isa = PBXBuildFile; fileRef = 7B8C7E6A1C90DEA100D40D47 /* FirstViewController.swift */; };
		7B8C7E6D1C90DEA100D40D47 /* SecondViewController.swift in Sources */ = {isa = PBXBuildFile; fileRef = 7B8C7E6C1C90DEA100D40D47 /* SecondViewController.swift */; };
		7B8C7E701C90DEA100D40D47 /* Main.storyboard in Resources */ = {isa = PBXBuildFile; fileRef = 7B8C7E6E1C90DEA100D40D47 /* Main.storyboard */; };
		7B8C7E721C90DEA100D40D47 /* Assets.xcassets in Resources */ = {isa = PBXBuildFile; fileRef = 7B8C7E711C90DEA100D40D47 /* Assets.xcassets */; };
		7B8C7E751C90DEA100D40D47 /* LaunchScreen.storyboard in Resources */ = {isa = PBXBuildFile; fileRef = 7B8C7E731C90DEA100D40D47 /* LaunchScreen.storyboard */; };
		7B8C7E801C90DEA100D40D47 /* ElectricReelTests.swift in Sources */ = {isa = PBXBuildFile; fileRef = 7B8C7E7F1C90DEA100D40D47 /* ElectricReelTests.swift */; };
		7B8C7E8B1C90DEA100D40D47 /* ElectricReelUITests.swift in Sources */ = {isa = PBXBuildFile; fileRef = 7B8C7E8A1C90DEA100D40D47 /* ElectricReelUITests.swift */; };
		7B8C7E991C90DEE600D40D47 /* ThirdViewController.swift in Sources */ = {isa = PBXBuildFile; fileRef = 7B8C7E981C90DEE600D40D47 /* ThirdViewController.swift */; };
		7B8C7E9B1C92074F00D40D47 /* FourthViewController.swift in Sources */ = {isa = PBXBuildFile; fileRef = 7B8C7E9A1C92074F00D40D47 /* FourthViewController.swift */; };
		7B8C7E9D1C92083000D40D47 /* MapKit.framework in Frameworks */ = {isa = PBXBuildFile; fileRef = 7B8C7E9C1C92083000D40D47 /* MapKit.framework */; };
		7B8C7E9F1C92083700D40D47 /* CoreLocation.framework in Frameworks */ = {isa = PBXBuildFile; fileRef = 7B8C7E9E1C92083700D40D47 /* CoreLocation.framework */; };
		7B8C7EA11C92089400D40D47 /* Twitter.framework in Frameworks */ = {isa = PBXBuildFile; fileRef = 7B8C7EA01C92089400D40D47 /* Twitter.framework */; };
		7B8C7EA51C9215B200D40D47 /* RootViewController.swift in Sources */ = {isa = PBXBuildFile; fileRef = 7B8C7EA41C9215B200D40D47 /* RootViewController.swift */; };
		7B8C7EA71C9215C000D40D47 /* SignInViewController.swift in Sources */ = {isa = PBXBuildFile; fileRef = 7B8C7EA61C9215C000D40D47 /* SignInViewController.swift */; };
		7B8C7EA91C9215D900D40D47 /* DemoViewController.swift in Sources */ = {isa = PBXBuildFile; fileRef = 7B8C7EA81C9215D900D40D47 /* DemoViewController.swift */; };
		7B8C7EB11C972F6D00D40D47 /* Interface.storyboard in Resources */ = {isa = PBXBuildFile; fileRef = 7B8C7EAF1C972F6D00D40D47 /* Interface.storyboard */; };
		7B8C7EB31C972F6D00D40D47 /* Assets.xcassets in Resources */ = {isa = PBXBuildFile; fileRef = 7B8C7EB21C972F6D00D40D47 /* Assets.xcassets */; };
		7B8C7EBA1C972F6D00D40D47 /* WatchApp Extension.appex in Embed App Extensions */ = {isa = PBXBuildFile; fileRef = 7B8C7EB91C972F6D00D40D47 /* WatchApp Extension.appex */; settings = {ATTRIBUTES = (RemoveHeadersOnCopy, ); }; };
		7B8C7EC11C972F6E00D40D47 /* InterfaceController.swift in Sources */ = {isa = PBXBuildFile; fileRef = 7B8C7EC01C972F6E00D40D47 /* InterfaceController.swift */; };
		7B8C7EC31C972F6E00D40D47 /* ExtensionDelegate.swift in Sources */ = {isa = PBXBuildFile; fileRef = 7B8C7EC21C972F6E00D40D47 /* ExtensionDelegate.swift */; };
		7B8C7EC51C972F6E00D40D47 /* NotificationController.swift in Sources */ = {isa = PBXBuildFile; fileRef = 7B8C7EC41C972F6E00D40D47 /* NotificationController.swift */; };
		7B8C7EC71C972F6E00D40D47 /* GlanceController.swift in Sources */ = {isa = PBXBuildFile; fileRef = 7B8C7EC61C972F6E00D40D47 /* GlanceController.swift */; };
		7B8C7EC91C972F6E00D40D47 /* ComplicationController.swift in Sources */ = {isa = PBXBuildFile; fileRef = 7B8C7EC81C972F6E00D40D47 /* ComplicationController.swift */; };
		7B8C7ECB1C972F6E00D40D47 /* Assets.xcassets in Resources */ = {isa = PBXBuildFile; fileRef = 7B8C7ECA1C972F6E00D40D47 /* Assets.xcassets */; };
		7B8C7ECF1C972F6E00D40D47 /* WatchApp.app in Embed Watch Content */ = {isa = PBXBuildFile; fileRef = 7B8C7EAD1C972F6D00D40D47 /* WatchApp.app */; };
		7B8C7EDE1C97461F00D40D47 /* Mapbox.framework in Frameworks */ = {isa = PBXBuildFile; fileRef = 7B8C7EDD1C97461F00D40D47 /* Mapbox.framework */; };
		7B8C7EDF1C97461F00D40D47 /* Mapbox.framework in Embed Frameworks */ = {isa = PBXBuildFile; fileRef = 7B8C7EDD1C97461F00D40D47 /* Mapbox.framework */; settings = {ATTRIBUTES = (CodeSignOnCopy, RemoveHeadersOnCopy, ); }; };
		7B8C7EE31C97574100D40D47 /* BandAidViewController.m in Sources */ = {isa = PBXBuildFile; fileRef = 7B8C7EE21C97574100D40D47 /* BandAidViewController.m */; };
		7B8C7EE51C97672000D40D47 /* mapbox-raster-v8.json in Resources */ = {isa = PBXBuildFile; fileRef = 7B8C7EE41C97672000D40D47 /* mapbox-raster-v8.json */; };
		7B8C7EE71C976C8700D40D47 /* cilshngh0009ta7ltfu351fyr.json in Resources */ = {isa = PBXBuildFile; fileRef = 7B8C7EE61C976C8700D40D47 /* cilshngh0009ta7ltfu351fyr.json */; };
/* End PBXBuildFile section */

/* Begin PBXContainerItemProxy section */
		7B8C7E7C1C90DEA100D40D47 /* PBXContainerItemProxy */ = {
			isa = PBXContainerItemProxy;
			containerPortal = 7B8C7E5D1C90DEA100D40D47 /* Project object */;
			proxyType = 1;
			remoteGlobalIDString = 7B8C7E641C90DEA100D40D47;
			remoteInfo = ElectricReel;
		};
		7B8C7E871C90DEA100D40D47 /* PBXContainerItemProxy */ = {
			isa = PBXContainerItemProxy;
			containerPortal = 7B8C7E5D1C90DEA100D40D47 /* Project object */;
			proxyType = 1;
			remoteGlobalIDString = 7B8C7E641C90DEA100D40D47;
			remoteInfo = ElectricReel;
		};
		7B8C7EBB1C972F6D00D40D47 /* PBXContainerItemProxy */ = {
			isa = PBXContainerItemProxy;
			containerPortal = 7B8C7E5D1C90DEA100D40D47 /* Project object */;
			proxyType = 1;
			remoteGlobalIDString = 7B8C7EB81C972F6D00D40D47;
			remoteInfo = "WatchApp Extension";
		};
		7B8C7ECD1C972F6E00D40D47 /* PBXContainerItemProxy */ = {
			isa = PBXContainerItemProxy;
			containerPortal = 7B8C7E5D1C90DEA100D40D47 /* Project object */;
			proxyType = 1;
			remoteGlobalIDString = 7B8C7EAC1C972F6C00D40D47;
			remoteInfo = WatchApp;
		};
/* End PBXContainerItemProxy section */

/* Begin PBXCopyFilesBuildPhase section */
		7B8C7ED31C972F6E00D40D47 /* Embed App Extensions */ = {
			isa = PBXCopyFilesBuildPhase;
			buildActionMask = 2147483647;
			dstPath = "";
			dstSubfolderSpec = 13;
			files = (
				7B8C7EBA1C972F6D00D40D47 /* WatchApp Extension.appex in Embed App Extensions */,
			);
			name = "Embed App Extensions";
			runOnlyForDeploymentPostprocessing = 0;
		};
		7B8C7ED71C972F6E00D40D47 /* Embed Watch Content */ = {
			isa = PBXCopyFilesBuildPhase;
			buildActionMask = 2147483647;
			dstPath = "$(CONTENTS_FOLDER_PATH)/Watch";
			dstSubfolderSpec = 16;
			files = (
				7B8C7ECF1C972F6E00D40D47 /* WatchApp.app in Embed Watch Content */,
			);
			name = "Embed Watch Content";
			runOnlyForDeploymentPostprocessing = 0;
		};
		7B8C7EDC1C97442200D40D47 /* Embed Frameworks */ = {
			isa = PBXCopyFilesBuildPhase;
			buildActionMask = 2147483647;
			dstPath = "";
			dstSubfolderSpec = 10;
			files = (
				7B8C7EDF1C97461F00D40D47 /* Mapbox.framework in Embed Frameworks */,
			);
			name = "Embed Frameworks";
			runOnlyForDeploymentPostprocessing = 0;
		};
/* End PBXCopyFilesBuildPhase section */

/* Begin PBXFileReference section */
		7B8C7E651C90DEA100D40D47 /* ElectricReel.app */ = {isa = PBXFileReference; explicitFileType = wrapper.application; includeInIndex = 0; path = ElectricReel.app; sourceTree = BUILT_PRODUCTS_DIR; };
		7B8C7E681C90DEA100D40D47 /* AppDelegate.swift */ = {isa = PBXFileReference; lastKnownFileType = sourcecode.swift; path = AppDelegate.swift; sourceTree = "<group>"; };
		7B8C7E6A1C90DEA100D40D47 /* FirstViewController.swift */ = {isa = PBXFileReference; lastKnownFileType = sourcecode.swift; path = FirstViewController.swift; sourceTree = "<group>"; };
		7B8C7E6C1C90DEA100D40D47 /* SecondViewController.swift */ = {isa = PBXFileReference; lastKnownFileType = sourcecode.swift; path = SecondViewController.swift; sourceTree = "<group>"; };
		7B8C7E6F1C90DEA100D40D47 /* Base */ = {isa = PBXFileReference; lastKnownFileType = file.storyboard; name = Base; path = Base.lproj/Main.storyboard; sourceTree = "<group>"; };
		7B8C7E711C90DEA100D40D47 /* Assets.xcassets */ = {isa = PBXFileReference; lastKnownFileType = folder.assetcatalog; path = Assets.xcassets; sourceTree = "<group>"; };
		7B8C7E741C90DEA100D40D47 /* Base */ = {isa = PBXFileReference; lastKnownFileType = file.storyboard; name = Base; path = Base.lproj/LaunchScreen.storyboard; sourceTree = "<group>"; };
		7B8C7E761C90DEA100D40D47 /* Info.plist */ = {isa = PBXFileReference; lastKnownFileType = text.plist.xml; path = Info.plist; sourceTree = "<group>"; };
		7B8C7E7B1C90DEA100D40D47 /* ElectricReelTests.xctest */ = {isa = PBXFileReference; explicitFileType = wrapper.cfbundle; includeInIndex = 0; path = ElectricReelTests.xctest; sourceTree = BUILT_PRODUCTS_DIR; };
		7B8C7E7F1C90DEA100D40D47 /* ElectricReelTests.swift */ = {isa = PBXFileReference; lastKnownFileType = sourcecode.swift; path = ElectricReelTests.swift; sourceTree = "<group>"; };
		7B8C7E811C90DEA100D40D47 /* Info.plist */ = {isa = PBXFileReference; lastKnownFileType = text.plist.xml; path = Info.plist; sourceTree = "<group>"; };
		7B8C7E861C90DEA100D40D47 /* ElectricReelUITests.xctest */ = {isa = PBXFileReference; explicitFileType = wrapper.cfbundle; includeInIndex = 0; path = ElectricReelUITests.xctest; sourceTree = BUILT_PRODUCTS_DIR; };
		7B8C7E8A1C90DEA100D40D47 /* ElectricReelUITests.swift */ = {isa = PBXFileReference; lastKnownFileType = sourcecode.swift; path = ElectricReelUITests.swift; sourceTree = "<group>"; };
		7B8C7E8C1C90DEA100D40D47 /* Info.plist */ = {isa = PBXFileReference; lastKnownFileType = text.plist.xml; path = Info.plist; sourceTree = "<group>"; };
		7B8C7E981C90DEE600D40D47 /* ThirdViewController.swift */ = {isa = PBXFileReference; fileEncoding = 4; lastKnownFileType = sourcecode.swift; path = ThirdViewController.swift; sourceTree = "<group>"; };
		7B8C7E9A1C92074F00D40D47 /* FourthViewController.swift */ = {isa = PBXFileReference; fileEncoding = 4; lastKnownFileType = sourcecode.swift; path = FourthViewController.swift; sourceTree = "<group>"; };
		7B8C7E9C1C92083000D40D47 /* MapKit.framework */ = {isa = PBXFileReference; lastKnownFileType = wrapper.framework; name = MapKit.framework; path = System/Library/Frameworks/MapKit.framework; sourceTree = SDKROOT; };
		7B8C7E9E1C92083700D40D47 /* CoreLocation.framework */ = {isa = PBXFileReference; lastKnownFileType = wrapper.framework; name = CoreLocation.framework; path = System/Library/Frameworks/CoreLocation.framework; sourceTree = SDKROOT; };
		7B8C7EA01C92089400D40D47 /* Twitter.framework */ = {isa = PBXFileReference; lastKnownFileType = wrapper.framework; name = Twitter.framework; path = System/Library/Frameworks/Twitter.framework; sourceTree = SDKROOT; };
		7B8C7EA41C9215B200D40D47 /* RootViewController.swift */ = {isa = PBXFileReference; fileEncoding = 4; lastKnownFileType = sourcecode.swift; path = RootViewController.swift; sourceTree = "<group>"; };
		7B8C7EA61C9215C000D40D47 /* SignInViewController.swift */ = {isa = PBXFileReference; fileEncoding = 4; lastKnownFileType = sourcecode.swift; path = SignInViewController.swift; sourceTree = "<group>"; };
		7B8C7EA81C9215D900D40D47 /* DemoViewController.swift */ = {isa = PBXFileReference; fileEncoding = 4; lastKnownFileType = sourcecode.swift; path = DemoViewController.swift; sourceTree = "<group>"; };
		7B8C7EAD1C972F6D00D40D47 /* WatchApp.app */ = {isa = PBXFileReference; explicitFileType = wrapper.application; includeInIndex = 0; path = WatchApp.app; sourceTree = BUILT_PRODUCTS_DIR; };
		7B8C7EB01C972F6D00D40D47 /* Base */ = {isa = PBXFileReference; lastKnownFileType = file.storyboard; name = Base; path = Base.lproj/Interface.storyboard; sourceTree = "<group>"; };
		7B8C7EB21C972F6D00D40D47 /* Assets.xcassets */ = {isa = PBXFileReference; lastKnownFileType = folder.assetcatalog; path = Assets.xcassets; sourceTree = "<group>"; };
		7B8C7EB41C972F6D00D40D47 /* Info.plist */ = {isa = PBXFileReference; lastKnownFileType = text.plist.xml; path = Info.plist; sourceTree = "<group>"; };
		7B8C7EB91C972F6D00D40D47 /* WatchApp Extension.appex */ = {isa = PBXFileReference; explicitFileType = "wrapper.app-extension"; includeInIndex = 0; path = "WatchApp Extension.appex"; sourceTree = BUILT_PRODUCTS_DIR; };
		7B8C7EBF1C972F6E00D40D47 /* PushNotificationPayload.apns */ = {isa = PBXFileReference; lastKnownFileType = text; path = PushNotificationPayload.apns; sourceTree = "<group>"; };
		7B8C7EC01C972F6E00D40D47 /* InterfaceController.swift */ = {isa = PBXFileReference; lastKnownFileType = sourcecode.swift; path = InterfaceController.swift; sourceTree = "<group>"; };
		7B8C7EC21C972F6E00D40D47 /* ExtensionDelegate.swift */ = {isa = PBXFileReference; lastKnownFileType = sourcecode.swift; path = ExtensionDelegate.swift; sourceTree = "<group>"; };
		7B8C7EC41C972F6E00D40D47 /* NotificationController.swift */ = {isa = PBXFileReference; lastKnownFileType = sourcecode.swift; path = NotificationController.swift; sourceTree = "<group>"; };
		7B8C7EC61C972F6E00D40D47 /* GlanceController.swift */ = {isa = PBXFileReference; lastKnownFileType = sourcecode.swift; path = GlanceController.swift; sourceTree = "<group>"; };
		7B8C7EC81C972F6E00D40D47 /* ComplicationController.swift */ = {isa = PBXFileReference; lastKnownFileType = sourcecode.swift; path = ComplicationController.swift; sourceTree = "<group>"; };
		7B8C7ECA1C972F6E00D40D47 /* Assets.xcassets */ = {isa = PBXFileReference; lastKnownFileType = folder.assetcatalog; path = Assets.xcassets; sourceTree = "<group>"; };
		7B8C7ECC1C972F6E00D40D47 /* Info.plist */ = {isa = PBXFileReference; lastKnownFileType = text.plist.xml; path = Info.plist; sourceTree = "<group>"; };
		7B8C7EDD1C97461F00D40D47 /* Mapbox.framework */ = {isa = PBXFileReference; lastKnownFileType = wrapper.framework; path = Mapbox.framework; sourceTree = "<group>"; };
		7B8C7EE01C97574000D40D47 /* ElectricReel-Bridging-Header.h */ = {isa = PBXFileReference; lastKnownFileType = sourcecode.c.h; path = "ElectricReel-Bridging-Header.h"; sourceTree = "<group>"; };
		7B8C7EE11C97574100D40D47 /* BandAidViewController.h */ = {isa = PBXFileReference; fileEncoding = 4; lastKnownFileType = sourcecode.c.h; path = BandAidViewController.h; sourceTree = "<group>"; };
		7B8C7EE21C97574100D40D47 /* BandAidViewController.m */ = {isa = PBXFileReference; fileEncoding = 4; lastKnownFileType = sourcecode.c.objc; path = BandAidViewController.m; sourceTree = "<group>"; };
		7B8C7EE41C97672000D40D47 /* mapbox-raster-v8.json */ = {isa = PBXFileReference; fileEncoding = 4; lastKnownFileType = text.json; path = "mapbox-raster-v8.json"; sourceTree = "<group>"; };
		7B8C7EE61C976C8700D40D47 /* cilshngh0009ta7ltfu351fyr.json */ = {isa = PBXFileReference; fileEncoding = 4; lastKnownFileType = text.json; path = cilshngh0009ta7ltfu351fyr.json; sourceTree = "<group>"; };
/* End PBXFileReference section */

/* Begin PBXFrameworksBuildPhase section */
		7B8C7E621C90DEA100D40D47 /* Frameworks */ = {
			isa = PBXFrameworksBuildPhase;
			buildActionMask = 2147483647;
			files = (
				7B8C7EA11C92089400D40D47 /* Twitter.framework in Frameworks */,
				7B8C7E9F1C92083700D40D47 /* CoreLocation.framework in Frameworks */,
				7B8C7E9D1C92083000D40D47 /* MapKit.framework in Frameworks */,
				7B8C7EDE1C97461F00D40D47 /* Mapbox.framework in Frameworks */,
			);
			runOnlyForDeploymentPostprocessing = 0;
		};
		7B8C7E781C90DEA100D40D47 /* Frameworks */ = {
			isa = PBXFrameworksBuildPhase;
			buildActionMask = 2147483647;
			files = (
			);
			runOnlyForDeploymentPostprocessing = 0;
		};
		7B8C7E831C90DEA100D40D47 /* Frameworks */ = {
			isa = PBXFrameworksBuildPhase;
			buildActionMask = 2147483647;
			files = (
			);
			runOnlyForDeploymentPostprocessing = 0;
		};
		7B8C7EB61C972F6D00D40D47 /* Frameworks */ = {
			isa = PBXFrameworksBuildPhase;
			buildActionMask = 2147483647;
			files = (
			);
			runOnlyForDeploymentPostprocessing = 0;
		};
/* End PBXFrameworksBuildPhase section */

/* Begin PBXGroup section */
		7B8C7E5C1C90DEA100D40D47 = {
			isa = PBXGroup;
			children = (
				7B8C7EE11C97574100D40D47 /* BandAidViewController.h */,
				7B8C7EE21C97574100D40D47 /* BandAidViewController.m */,
				7B8C7EDD1C97461F00D40D47 /* Mapbox.framework */,
				7B8C7EA01C92089400D40D47 /* Twitter.framework */,
				7B8C7E9E1C92083700D40D47 /* CoreLocation.framework */,
				7B8C7E9C1C92083000D40D47 /* MapKit.framework */,
				7B8C7E671C90DEA100D40D47 /* ElectricReel */,
				7B8C7E7E1C90DEA100D40D47 /* ElectricReelTests */,
				7B8C7E891C90DEA100D40D47 /* ElectricReelUITests */,
				7B8C7EAE1C972F6D00D40D47 /* WatchApp */,
				7B8C7EBD1C972F6D00D40D47 /* WatchApp Extension */,
				7B8C7E661C90DEA100D40D47 /* Products */,
				7B8C7EE01C97574000D40D47 /* ElectricReel-Bridging-Header.h */,
			);
			sourceTree = "<group>";
		};
		7B8C7E661C90DEA100D40D47 /* Products */ = {
			isa = PBXGroup;
			children = (
				7B8C7E651C90DEA100D40D47 /* ElectricReel.app */,
				7B8C7E7B1C90DEA100D40D47 /* ElectricReelTests.xctest */,
				7B8C7E861C90DEA100D40D47 /* ElectricReelUITests.xctest */,
				7B8C7EAD1C972F6D00D40D47 /* WatchApp.app */,
				7B8C7EB91C972F6D00D40D47 /* WatchApp Extension.appex */,
			);
			name = Products;
			sourceTree = "<group>";
		};
		7B8C7E671C90DEA100D40D47 /* ElectricReel */ = {
			isa = PBXGroup;
			children = (
				7B8C7EAA1C9215E500D40D47 /* Log In Process */,
				7B8C7E681C90DEA100D40D47 /* AppDelegate.swift */,
				7B8C7E6A1C90DEA100D40D47 /* FirstViewController.swift */,
				7B8C7E6C1C90DEA100D40D47 /* SecondViewController.swift */,
				7B8C7E981C90DEE600D40D47 /* ThirdViewController.swift */,
				7B8C7E9A1C92074F00D40D47 /* FourthViewController.swift */,
				7B8C7E6E1C90DEA100D40D47 /* Main.storyboard */,
				7B8C7E711C90DEA100D40D47 /* Assets.xcassets */,
				7B8C7EE61C976C8700D40D47 /* cilshngh0009ta7ltfu351fyr.json */,
				7B8C7EE41C97672000D40D47 /* mapbox-raster-v8.json */,
				7B8C7E731C90DEA100D40D47 /* LaunchScreen.storyboard */,
				7B8C7E761C90DEA100D40D47 /* Info.plist */,
			);
			path = ElectricReel;
			sourceTree = "<group>";
		};
		7B8C7E7E1C90DEA100D40D47 /* ElectricReelTests */ = {
			isa = PBXGroup;
			children = (
				7B8C7E7F1C90DEA100D40D47 /* ElectricReelTests.swift */,
				7B8C7E811C90DEA100D40D47 /* Info.plist */,
			);
			path = ElectricReelTests;
			sourceTree = "<group>";
		};
		7B8C7E891C90DEA100D40D47 /* ElectricReelUITests */ = {
			isa = PBXGroup;
			children = (
				7B8C7E8A1C90DEA100D40D47 /* ElectricReelUITests.swift */,
				7B8C7E8C1C90DEA100D40D47 /* Info.plist */,
			);
			path = ElectricReelUITests;
			sourceTree = "<group>";
		};
		7B8C7EAA1C9215E500D40D47 /* Log In Process */ = {
			isa = PBXGroup;
			children = (
				7B8C7EA41C9215B200D40D47 /* RootViewController.swift */,
				7B8C7EA61C9215C000D40D47 /* SignInViewController.swift */,
				7B8C7EA81C9215D900D40D47 /* DemoViewController.swift */,
			);
			name = "Log In Process";
			sourceTree = "<group>";
		};
		7B8C7EAE1C972F6D00D40D47 /* WatchApp */ = {
			isa = PBXGroup;
			children = (
				7B8C7EAF1C972F6D00D40D47 /* Interface.storyboard */,
				7B8C7EB21C972F6D00D40D47 /* Assets.xcassets */,
				7B8C7EB41C972F6D00D40D47 /* Info.plist */,
			);
			path = WatchApp;
			sourceTree = "<group>";
		};
		7B8C7EBD1C972F6D00D40D47 /* WatchApp Extension */ = {
			isa = PBXGroup;
			children = (
				7B8C7EC01C972F6E00D40D47 /* InterfaceController.swift */,
				7B8C7EC21C972F6E00D40D47 /* ExtensionDelegate.swift */,
				7B8C7EC41C972F6E00D40D47 /* NotificationController.swift */,
				7B8C7EC61C972F6E00D40D47 /* GlanceController.swift */,
				7B8C7EC81C972F6E00D40D47 /* ComplicationController.swift */,
				7B8C7ECA1C972F6E00D40D47 /* Assets.xcassets */,
				7B8C7ECC1C972F6E00D40D47 /* Info.plist */,
				7B8C7EBE1C972F6D00D40D47 /* Supporting Files */,
			);
			path = "WatchApp Extension";
			sourceTree = "<group>";
		};
		7B8C7EBE1C972F6D00D40D47 /* Supporting Files */ = {
			isa = PBXGroup;
			children = (
				7B8C7EBF1C972F6E00D40D47 /* PushNotificationPayload.apns */,
			);
			name = "Supporting Files";
			sourceTree = "<group>";
		};
/* End PBXGroup section */

/* Begin PBXNativeTarget section */
		7B8C7E641C90DEA100D40D47 /* ElectricReel */ = {
			isa = PBXNativeTarget;
			buildConfigurationList = 7B8C7E8F1C90DEA100D40D47 /* Build configuration list for PBXNativeTarget "ElectricReel" */;
			buildPhases = (
				7B8C7E611C90DEA100D40D47 /* Sources */,
				7B8C7E621C90DEA100D40D47 /* Frameworks */,
				7B8C7E631C90DEA100D40D47 /* Resources */,
				7B8C7ED71C972F6E00D40D47 /* Embed Watch Content */,
				7B8C7EDC1C97442200D40D47 /* Embed Frameworks */,
			);
			buildRules = (
			);
			dependencies = (
				7B8C7ECE1C972F6E00D40D47 /* PBXTargetDependency */,
			);
			name = ElectricReel;
			productName = ElectricReel;
			productReference = 7B8C7E651C90DEA100D40D47 /* ElectricReel.app */;
			productType = "com.apple.product-type.application";
		};
		7B8C7E7A1C90DEA100D40D47 /* ElectricReelTests */ = {
			isa = PBXNativeTarget;
			buildConfigurationList = 7B8C7E921C90DEA100D40D47 /* Build configuration list for PBXNativeTarget "ElectricReelTests" */;
			buildPhases = (
				7B8C7E771C90DEA100D40D47 /* Sources */,
				7B8C7E781C90DEA100D40D47 /* Frameworks */,
				7B8C7E791C90DEA100D40D47 /* Resources */,
			);
			buildRules = (
			);
			dependencies = (
				7B8C7E7D1C90DEA100D40D47 /* PBXTargetDependency */,
			);
			name = ElectricReelTests;
			productName = ElectricReelTests;
			productReference = 7B8C7E7B1C90DEA100D40D47 /* ElectricReelTests.xctest */;
			productType = "com.apple.product-type.bundle.unit-test";
		};
		7B8C7E851C90DEA100D40D47 /* ElectricReelUITests */ = {
			isa = PBXNativeTarget;
			buildConfigurationList = 7B8C7E951C90DEA100D40D47 /* Build configuration list for PBXNativeTarget "ElectricReelUITests" */;
			buildPhases = (
				7B8C7E821C90DEA100D40D47 /* Sources */,
				7B8C7E831C90DEA100D40D47 /* Frameworks */,
				7B8C7E841C90DEA100D40D47 /* Resources */,
			);
			buildRules = (
			);
			dependencies = (
				7B8C7E881C90DEA100D40D47 /* PBXTargetDependency */,
			);
			name = ElectricReelUITests;
			productName = ElectricReelUITests;
			productReference = 7B8C7E861C90DEA100D40D47 /* ElectricReelUITests.xctest */;
			productType = "com.apple.product-type.bundle.ui-testing";
		};
		7B8C7EAC1C972F6C00D40D47 /* WatchApp */ = {
			isa = PBXNativeTarget;
			buildConfigurationList = 7B8C7ED41C972F6E00D40D47 /* Build configuration list for PBXNativeTarget "WatchApp" */;
			buildPhases = (
				7B8C7EAB1C972F6C00D40D47 /* Resources */,
				7B8C7ED31C972F6E00D40D47 /* Embed App Extensions */,
			);
			buildRules = (
			);
			dependencies = (
				7B8C7EBC1C972F6D00D40D47 /* PBXTargetDependency */,
			);
			name = WatchApp;
			productName = WatchApp;
			productReference = 7B8C7EAD1C972F6D00D40D47 /* WatchApp.app */;
			productType = "com.apple.product-type.application.watchapp2";
		};
		7B8C7EB81C972F6D00D40D47 /* WatchApp Extension */ = {
			isa = PBXNativeTarget;
			buildConfigurationList = 7B8C7ED01C972F6E00D40D47 /* Build configuration list for PBXNativeTarget "WatchApp Extension" */;
			buildPhases = (
				7B8C7EB51C972F6D00D40D47 /* Sources */,
				7B8C7EB61C972F6D00D40D47 /* Frameworks */,
				7B8C7EB71C972F6D00D40D47 /* Resources */,
			);
			buildRules = (
			);
			dependencies = (
			);
			name = "WatchApp Extension";
			productName = "WatchApp Extension";
			productReference = 7B8C7EB91C972F6D00D40D47 /* WatchApp Extension.appex */;
			productType = "com.apple.product-type.watchkit2-extension";
		};
/* End PBXNativeTarget section */

/* Begin PBXProject section */
		7B8C7E5D1C90DEA100D40D47 /* Project object */ = {
			isa = PBXProject;
			attributes = {
				LastSwiftUpdateCheck = 0720;
				LastUpgradeCheck = 0720;
				ORGANIZATIONNAME = "Andrew Palka";
				TargetAttributes = {
					7B8C7E641C90DEA100D40D47 = {
						CreatedOnToolsVersion = 7.2;
					};
					7B8C7E7A1C90DEA100D40D47 = {
						CreatedOnToolsVersion = 7.2;
						TestTargetID = 7B8C7E641C90DEA100D40D47;
					};
					7B8C7E851C90DEA100D40D47 = {
						CreatedOnToolsVersion = 7.2;
						TestTargetID = 7B8C7E641C90DEA100D40D47;
					};
					7B8C7EAC1C972F6C00D40D47 = {
						CreatedOnToolsVersion = 7.2;
					};
					7B8C7EB81C972F6D00D40D47 = {
						CreatedOnToolsVersion = 7.2;
					};
				};
			};
			buildConfigurationList = 7B8C7E601C90DEA100D40D47 /* Build configuration list for PBXProject "ElectricReel" */;
			compatibilityVersion = "Xcode 3.2";
			developmentRegion = English;
			hasScannedForEncodings = 0;
			knownRegions = (
				en,
				Base,
			);
			mainGroup = 7B8C7E5C1C90DEA100D40D47;
			productRefGroup = 7B8C7E661C90DEA100D40D47 /* Products */;
			projectDirPath = "";
			projectRoot = "";
			targets = (
				7B8C7E641C90DEA100D40D47 /* ElectricReel */,
				7B8C7E7A1C90DEA100D40D47 /* ElectricReelTests */,
				7B8C7E851C90DEA100D40D47 /* ElectricReelUITests */,
				7B8C7EAC1C972F6C00D40D47 /* WatchApp */,
				7B8C7EB81C972F6D00D40D47 /* WatchApp Extension */,
			);
		};
/* End PBXProject section */

/* Begin PBXResourcesBuildPhase section */
		7B8C7E631C90DEA100D40D47 /* Resources */ = {
			isa = PBXResourcesBuildPhase;
			buildActionMask = 2147483647;
			files = (
				7B8C7E751C90DEA100D40D47 /* LaunchScreen.storyboard in Resources */,
				7B8C7EE51C97672000D40D47 /* mapbox-raster-v8.json in Resources */,
				7B8C7E721C90DEA100D40D47 /* Assets.xcassets in Resources */,
				7B8C7EE71C976C8700D40D47 /* cilshngh0009ta7ltfu351fyr.json in Resources */,
				7B8C7E701C90DEA100D40D47 /* Main.storyboard in Resources */,
			);
			runOnlyForDeploymentPostprocessing = 0;
		};
		7B8C7E791C90DEA100D40D47 /* Resources */ = {
			isa = PBXResourcesBuildPhase;
			buildActionMask = 2147483647;
			files = (
			);
			runOnlyForDeploymentPostprocessing = 0;
		};
		7B8C7E841C90DEA100D40D47 /* Resources */ = {
			isa = PBXResourcesBuildPhase;
			buildActionMask = 2147483647;
			files = (
			);
			runOnlyForDeploymentPostprocessing = 0;
		};
		7B8C7EAB1C972F6C00D40D47 /* Resources */ = {
			isa = PBXResourcesBuildPhase;
			buildActionMask = 2147483647;
			files = (
				7B8C7EB31C972F6D00D40D47 /* Assets.xcassets in Resources */,
				7B8C7EB11C972F6D00D40D47 /* Interface.storyboard in Resources */,
			);
			runOnlyForDeploymentPostprocessing = 0;
		};
		7B8C7EB71C972F6D00D40D47 /* Resources */ = {
			isa = PBXResourcesBuildPhase;
			buildActionMask = 2147483647;
			files = (
				7B8C7ECB1C972F6E00D40D47 /* Assets.xcassets in Resources */,
			);
			runOnlyForDeploymentPostprocessing = 0;
		};
/* End PBXResourcesBuildPhase section */

/* Begin PBXSourcesBuildPhase section */
		7B8C7E611C90DEA100D40D47 /* Sources */ = {
			isa = PBXSourcesBuildPhase;
			buildActionMask = 2147483647;
			files = (
				7B8C7EA71C9215C000D40D47 /* SignInViewController.swift in Sources */,
				7B8C7E6D1C90DEA100D40D47 /* SecondViewController.swift in Sources */,
				7B8C7E691C90DEA100D40D47 /* AppDelegate.swift in Sources */,
				7B8C7EA51C9215B200D40D47 /* RootViewController.swift in Sources */,
				7B8C7E991C90DEE600D40D47 /* ThirdViewController.swift in Sources */,
				7B8C7E6B1C90DEA100D40D47 /* FirstViewController.swift in Sources */,
				7B8C7EE31C97574100D40D47 /* BandAidViewController.m in Sources */,
				7B8C7E9B1C92074F00D40D47 /* FourthViewController.swift in Sources */,
				7B8C7EA91C9215D900D40D47 /* DemoViewController.swift in Sources */,
			);
			runOnlyForDeploymentPostprocessing = 0;
		};
		7B8C7E771C90DEA100D40D47 /* Sources */ = {
			isa = PBXSourcesBuildPhase;
			buildActionMask = 2147483647;
			files = (
				7B8C7E801C90DEA100D40D47 /* ElectricReelTests.swift in Sources */,
			);
			runOnlyForDeploymentPostprocessing = 0;
		};
		7B8C7E821C90DEA100D40D47 /* Sources */ = {
			isa = PBXSourcesBuildPhase;
			buildActionMask = 2147483647;
			files = (
				7B8C7E8B1C90DEA100D40D47 /* ElectricReelUITests.swift in Sources */,
			);
			runOnlyForDeploymentPostprocessing = 0;
		};
		7B8C7EB51C972F6D00D40D47 /* Sources */ = {
			isa = PBXSourcesBuildPhase;
			buildActionMask = 2147483647;
			files = (
				7B8C7EC51C972F6E00D40D47 /* NotificationController.swift in Sources */,
				7B8C7EC31C972F6E00D40D47 /* ExtensionDelegate.swift in Sources */,
				7B8C7EC91C972F6E00D40D47 /* ComplicationController.swift in Sources */,
				7B8C7EC11C972F6E00D40D47 /* InterfaceController.swift in Sources */,
				7B8C7EC71C972F6E00D40D47 /* GlanceController.swift in Sources */,
			);
			runOnlyForDeploymentPostprocessing = 0;
		};
/* End PBXSourcesBuildPhase section */

/* Begin PBXTargetDependency section */
		7B8C7E7D1C90DEA100D40D47 /* PBXTargetDependency */ = {
			isa = PBXTargetDependency;
			target = 7B8C7E641C90DEA100D40D47 /* ElectricReel */;
			targetProxy = 7B8C7E7C1C90DEA100D40D47 /* PBXContainerItemProxy */;
		};
		7B8C7E881C90DEA100D40D47 /* PBXTargetDependency */ = {
			isa = PBXTargetDependency;
			target = 7B8C7E641C90DEA100D40D47 /* ElectricReel */;
			targetProxy = 7B8C7E871C90DEA100D40D47 /* PBXContainerItemProxy */;
		};
		7B8C7EBC1C972F6D00D40D47 /* PBXTargetDependency */ = {
			isa = PBXTargetDependency;
			target = 7B8C7EB81C972F6D00D40D47 /* WatchApp Extension */;
			targetProxy = 7B8C7EBB1C972F6D00D40D47 /* PBXContainerItemProxy */;
		};
		7B8C7ECE1C972F6E00D40D47 /* PBXTargetDependency */ = {
			isa = PBXTargetDependency;
			target = 7B8C7EAC1C972F6C00D40D47 /* WatchApp */;
			targetProxy = 7B8C7ECD1C972F6E00D40D47 /* PBXContainerItemProxy */;
		};
/* End PBXTargetDependency section */

/* Begin PBXVariantGroup section */
		7B8C7E6E1C90DEA100D40D47 /* Main.storyboard */ = {
			isa = PBXVariantGroup;
			children = (
				7B8C7E6F1C90DEA100D40D47 /* Base */,
			);
			name = Main.storyboard;
			sourceTree = "<group>";
		};
		7B8C7E731C90DEA100D40D47 /* LaunchScreen.storyboard */ = {
			isa = PBXVariantGroup;
			children = (
				7B8C7E741C90DEA100D40D47 /* Base */,
			);
			name = LaunchScreen.storyboard;
			sourceTree = "<group>";
		};
		7B8C7EAF1C972F6D00D40D47 /* Interface.storyboard */ = {
			isa = PBXVariantGroup;
			children = (
				7B8C7EB01C972F6D00D40D47 /* Base */,
			);
			name = Interface.storyboard;
			sourceTree = "<group>";
		};
/* End PBXVariantGroup section */

/* Begin XCBuildConfiguration section */
		7B8C7E8D1C90DEA100D40D47 /* Debug */ = {
			isa = XCBuildConfiguration;
			buildSettings = {
				ALWAYS_SEARCH_USER_PATHS = NO;
				CLANG_CXX_LANGUAGE_STANDARD = "gnu++0x";
				CLANG_CXX_LIBRARY = "libc++";
				CLANG_ENABLE_MODULES = YES;
				CLANG_ENABLE_OBJC_ARC = YES;
				CLANG_WARN_BOOL_CONVERSION = YES;
				CLANG_WARN_CONSTANT_CONVERSION = YES;
				CLANG_WARN_DIRECT_OBJC_ISA_USAGE = YES_ERROR;
				CLANG_WARN_EMPTY_BODY = YES;
				CLANG_WARN_ENUM_CONVERSION = YES;
				CLANG_WARN_INT_CONVERSION = YES;
				CLANG_WARN_OBJC_ROOT_CLASS = YES_ERROR;
				CLANG_WARN_UNREACHABLE_CODE = YES;
				CLANG_WARN__DUPLICATE_METHOD_MATCH = YES;
				"CODE_SIGN_IDENTITY[sdk=iphoneos*]" = "iPhone Developer";
				COPY_PHASE_STRIP = NO;
				DEBUG_INFORMATION_FORMAT = dwarf;
				ENABLE_STRICT_OBJC_MSGSEND = YES;
				ENABLE_TESTABILITY = YES;
				GCC_C_LANGUAGE_STANDARD = gnu99;
				GCC_DYNAMIC_NO_PIC = NO;
				GCC_NO_COMMON_BLOCKS = YES;
				GCC_OPTIMIZATION_LEVEL = 0;
				GCC_PREPROCESSOR_DEFINITIONS = (
					"DEBUG=1",
					"$(inherited)",
				);
				GCC_WARN_64_TO_32_BIT_CONVERSION = YES;
				GCC_WARN_ABOUT_RETURN_TYPE = YES_ERROR;
				GCC_WARN_UNDECLARED_SELECTOR = YES;
				GCC_WARN_UNINITIALIZED_AUTOS = YES_AGGRESSIVE;
				GCC_WARN_UNUSED_FUNCTION = YES;
				GCC_WARN_UNUSED_VARIABLE = YES;
				IPHONEOS_DEPLOYMENT_TARGET = 9.2;
				MTL_ENABLE_DEBUG_INFO = YES;
				ONLY_ACTIVE_ARCH = YES;
				SDKROOT = iphoneos;
				SWIFT_OPTIMIZATION_LEVEL = "-Onone";
			};
			name = Debug;
		};
		7B8C7E8E1C90DEA100D40D47 /* Release */ = {
			isa = XCBuildConfiguration;
			buildSettings = {
				ALWAYS_SEARCH_USER_PATHS = NO;
				CLANG_CXX_LANGUAGE_STANDARD = "gnu++0x";
				CLANG_CXX_LIBRARY = "libc++";
				CLANG_ENABLE_MODULES = YES;
				CLANG_ENABLE_OBJC_ARC = YES;
				CLANG_WARN_BOOL_CONVERSION = YES;
				CLANG_WARN_CONSTANT_CONVERSION = YES;
				CLANG_WARN_DIRECT_OBJC_ISA_USAGE = YES_ERROR;
				CLANG_WARN_EMPTY_BODY = YES;
				CLANG_WARN_ENUM_CONVERSION = YES;
				CLANG_WARN_INT_CONVERSION = YES;
				CLANG_WARN_OBJC_ROOT_CLASS = YES_ERROR;
				CLANG_WARN_UNREACHABLE_CODE = YES;
				CLANG_WARN__DUPLICATE_METHOD_MATCH = YES;
				"CODE_SIGN_IDENTITY[sdk=iphoneos*]" = "iPhone Developer";
				COPY_PHASE_STRIP = NO;
				DEBUG_INFORMATION_FORMAT = "dwarf-with-dsym";
				ENABLE_NS_ASSERTIONS = NO;
				ENABLE_STRICT_OBJC_MSGSEND = YES;
				GCC_C_LANGUAGE_STANDARD = gnu99;
				GCC_NO_COMMON_BLOCKS = YES;
				GCC_WARN_64_TO_32_BIT_CONVERSION = YES;
				GCC_WARN_ABOUT_RETURN_TYPE = YES_ERROR;
				GCC_WARN_UNDECLARED_SELECTOR = YES;
				GCC_WARN_UNINITIALIZED_AUTOS = YES_AGGRESSIVE;
				GCC_WARN_UNUSED_FUNCTION = YES;
				GCC_WARN_UNUSED_VARIABLE = YES;
				IPHONEOS_DEPLOYMENT_TARGET = 9.2;
				MTL_ENABLE_DEBUG_INFO = NO;
				SDKROOT = iphoneos;
				VALIDATE_PRODUCT = YES;
			};
			name = Release;
		};
		7B8C7E901C90DEA100D40D47 /* Debug */ = {
			isa = XCBuildConfiguration;
			buildSettings = {
				ASSETCATALOG_COMPILER_APPICON_NAME = AppIcon;
				CLANG_ENABLE_MODULES = YES;
				FRAMEWORK_SEARCH_PATHS = (
					"$(inherited)",
					"$(PROJECT_DIR)",
				);
				INFOPLIST_FILE = ElectricReel/Info.plist;
				LD_RUNPATH_SEARCH_PATHS = "$(inherited) @executable_path/Frameworks";
				PRODUCT_BUNDLE_IDENTIFIER = AndrewPalka.ElectricReel;
				PRODUCT_NAME = "$(TARGET_NAME)";
				SWIFT_OBJC_BRIDGING_HEADER = "ElectricReel-Bridging-Header.h";
				SWIFT_OPTIMIZATION_LEVEL = "-Onone";
			};
			name = Debug;
		};
		7B8C7E911C90DEA100D40D47 /* Release */ = {
			isa = XCBuildConfiguration;
			buildSettings = {
				ASSETCATALOG_COMPILER_APPICON_NAME = AppIcon;
				CLANG_ENABLE_MODULES = YES;
				FRAMEWORK_SEARCH_PATHS = (
					"$(inherited)",
					"$(PROJECT_DIR)",
				);
				INFOPLIST_FILE = ElectricReel/Info.plist;
				LD_RUNPATH_SEARCH_PATHS = "$(inherited) @executable_path/Frameworks";
				PRODUCT_BUNDLE_IDENTIFIER = AndrewPalka.ElectricReel;
				PRODUCT_NAME = "$(TARGET_NAME)";
				SWIFT_OBJC_BRIDGING_HEADER = "ElectricReel-Bridging-Header.h";
			};
			name = Release;
		};
		7B8C7E931C90DEA100D40D47 /* Debug */ = {
			isa = XCBuildConfiguration;
			buildSettings = {
				BUNDLE_LOADER = "$(TEST_HOST)";
				INFOPLIST_FILE = ElectricReelTests/Info.plist;
				LD_RUNPATH_SEARCH_PATHS = "$(inherited) @executable_path/Frameworks @loader_path/Frameworks";
				PRODUCT_BUNDLE_IDENTIFIER = AndrewPalka.ElectricReelTests;
				PRODUCT_NAME = "$(TARGET_NAME)";
				TEST_HOST = "$(BUILT_PRODUCTS_DIR)/ElectricReel.app/ElectricReel";
			};
			name = Debug;
		};
		7B8C7E941C90DEA100D40D47 /* Release */ = {
			isa = XCBuildConfiguration;
			buildSettings = {
				BUNDLE_LOADER = "$(TEST_HOST)";
				INFOPLIST_FILE = ElectricReelTests/Info.plist;
				LD_RUNPATH_SEARCH_PATHS = "$(inherited) @executable_path/Frameworks @loader_path/Frameworks";
				PRODUCT_BUNDLE_IDENTIFIER = AndrewPalka.ElectricReelTests;
				PRODUCT_NAME = "$(TARGET_NAME)";
				TEST_HOST = "$(BUILT_PRODUCTS_DIR)/ElectricReel.app/ElectricReel";
			};
			name = Release;
		};
		7B8C7E961C90DEA100D40D47 /* Debug */ = {
			isa = XCBuildConfiguration;
			buildSettings = {
				INFOPLIST_FILE = ElectricReelUITests/Info.plist;
				LD_RUNPATH_SEARCH_PATHS = "$(inherited) @executable_path/Frameworks @loader_path/Frameworks";
				PRODUCT_BUNDLE_IDENTIFIER = AndrewPalka.ElectricReelUITests;
				PRODUCT_NAME = "$(TARGET_NAME)";
				TEST_TARGET_NAME = ElectricReel;
				USES_XCTRUNNER = YES;
			};
			name = Debug;
		};
		7B8C7E971C90DEA100D40D47 /* Release */ = {
			isa = XCBuildConfiguration;
			buildSettings = {
				INFOPLIST_FILE = ElectricReelUITests/Info.plist;
				LD_RUNPATH_SEARCH_PATHS = "$(inherited) @executable_path/Frameworks @loader_path/Frameworks";
				PRODUCT_BUNDLE_IDENTIFIER = AndrewPalka.ElectricReelUITests;
				PRODUCT_NAME = "$(TARGET_NAME)";
				TEST_TARGET_NAME = ElectricReel;
				USES_XCTRUNNER = YES;
			};
			name = Release;
		};
		7B8C7ED11C972F6E00D40D47 /* Debug */ = {
			isa = XCBuildConfiguration;
			buildSettings = {
				ASSETCATALOG_COMPILER_COMPLICATION_NAME = Complication;
				INFOPLIST_FILE = "WatchApp Extension/Info.plist";
				LD_RUNPATH_SEARCH_PATHS = "$(inherited) @executable_path/Frameworks @executable_path/../../Frameworks";
				PRODUCT_BUNDLE_IDENTIFIER = AndrewPalka.ElectricReel.watchkitapp.watchkitextension;
				PRODUCT_NAME = "${TARGET_NAME}";
				SDKROOT = watchos;
				SKIP_INSTALL = YES;
				TARGETED_DEVICE_FAMILY = 4;
				WATCHOS_DEPLOYMENT_TARGET = 2.1;
			};
			name = Debug;
		};
		7B8C7ED21C972F6E00D40D47 /* Release */ = {
			isa = XCBuildConfiguration;
			buildSettings = {
				ASSETCATALOG_COMPILER_COMPLICATION_NAME = Complication;
				INFOPLIST_FILE = "WatchApp Extension/Info.plist";
				LD_RUNPATH_SEARCH_PATHS = "$(inherited) @executable_path/Frameworks @executable_path/../../Frameworks";
				PRODUCT_BUNDLE_IDENTIFIER = AndrewPalka.ElectricReel.watchkitapp.watchkitextension;
				PRODUCT_NAME = "${TARGET_NAME}";
				SDKROOT = watchos;
				SKIP_INSTALL = YES;
				TARGETED_DEVICE_FAMILY = 4;
				WATCHOS_DEPLOYMENT_TARGET = 2.1;
			};
			name = Release;
		};
		7B8C7ED51C972F6E00D40D47 /* Debug */ = {
			isa = XCBuildConfiguration;
			buildSettings = {
				ASSETCATALOG_COMPILER_APPICON_NAME = AppIcon;
				EMBEDDED_CONTENT_CONTAINS_SWIFT = YES;
				IBSC_MODULE = WatchApp_Extension;
				INFOPLIST_FILE = WatchApp/Info.plist;
				PRODUCT_BUNDLE_IDENTIFIER = AndrewPalka.ElectricReel.watchkitapp;
				PRODUCT_NAME = "$(TARGET_NAME)";
				SDKROOT = watchos;
				SKIP_INSTALL = YES;
				TARGETED_DEVICE_FAMILY = 4;
				WATCHOS_DEPLOYMENT_TARGET = 2.1;
			};
			name = Debug;
		};
		7B8C7ED61C972F6E00D40D47 /* Release */ = {
			isa = XCBuildConfiguration;
			buildSettings = {
				ASSETCATALOG_COMPILER_APPICON_NAME = AppIcon;
				EMBEDDED_CONTENT_CONTAINS_SWIFT = YES;
				IBSC_MODULE = WatchApp_Extension;
				INFOPLIST_FILE = WatchApp/Info.plist;
				PRODUCT_BUNDLE_IDENTIFIER = AndrewPalka.ElectricReel.watchkitapp;
				PRODUCT_NAME = "$(TARGET_NAME)";
				SDKROOT = watchos;
				SKIP_INSTALL = YES;
				TARGETED_DEVICE_FAMILY = 4;
				WATCHOS_DEPLOYMENT_TARGET = 2.1;
			};
			name = Release;
		};
/* End XCBuildConfiguration section */

/* Begin XCConfigurationList section */
		7B8C7E601C90DEA100D40D47 /* Build configuration list for PBXProject "ElectricReel" */ = {
			isa = XCConfigurationList;
			buildConfigurations = (
				7B8C7E8D1C90DEA100D40D47 /* Debug */,
				7B8C7E8E1C90DEA100D40D47 /* Release */,
			);
			defaultConfigurationIsVisible = 0;
			defaultConfigurationName = Release;
		};
		7B8C7E8F1C90DEA100D40D47 /* Build configuration list for PBXNativeTarget "ElectricReel" */ = {
			isa = XCConfigurationList;
			buildConfigurations = (
				7B8C7E901C90DEA100D40D47 /* Debug */,
				7B8C7E911C90DEA100D40D47 /* Release */,
			);
			defaultConfigurationIsVisible = 0;
		};
		7B8C7E921C90DEA100D40D47 /* Build configuration list for PBXNativeTarget "ElectricReelTests" */ = {
			isa = XCConfigurationList;
			buildConfigurations = (
				7B8C7E931C90DEA100D40D47 /* Debug */,
				7B8C7E941C90DEA100D40D47 /* Release */,
			);
			defaultConfigurationIsVisible = 0;
		};
		7B8C7E951C90DEA100D40D47 /* Build configuration list for PBXNativeTarget "ElectricReelUITests" */ = {
			isa = XCConfigurationList;
			buildConfigurations = (
				7B8C7E961C90DEA100D40D47 /* Debug */,
				7B8C7E971C90DEA100D40D47 /* Release */,
			);
			defaultConfigurationIsVisible = 0;
		};
		7B8C7ED01C972F6E00D40D47 /* Build configuration list for PBXNativeTarget "WatchApp Extension" */ = {
			isa = XCConfigurationList;
			buildConfigurations = (
				7B8C7ED11C972F6E00D40D47 /* Debug */,
				7B8C7ED21C972F6E00D40D47 /* Release */,
			);
			defaultConfigurationIsVisible = 0;
		};
		7B8C7ED41C972F6E00D40D47 /* Build configuration list for PBXNativeTarget "WatchApp" */ = {
			isa = XCConfigurationList;
			buildConfigurations = (
				7B8C7ED51C972F6E00D40D47 /* Debug */,
				7B8C7ED61C972F6E00D40D47 /* Release */,
			);
			defaultConfigurationIsVisible = 0;
		};
/* End XCConfigurationList section */
	};
	rootObject = 7B8C7E5D1C90DEA100D40D47 /* Project object */;
}
